
Microsoft Visual Studio Solution File, Format Version 12.00
# Visual Studio 15
VisualStudioVersion = 15.0.28307.168
MinimumVisualStudioVersion = 10.0.40219.1
Project("{FAE04EC0-301F-11D3-BF4B-00C04F79EFBC}") = "WindowsFormsApp1", "WindowsFormsApp1\WindowsFormsApp1.csproj", "{9C9617A7-77BA-4E25-B997-DE2ACAA2C131}"
EndProject
Global
	GlobalSection(SolutionConfigurationPlatforms) = preSolution
		Debug|Any CPU = Debug|Any CPU
		Release|Any CPU = Release|Any CPU
	EndGlobalSection
	GlobalSection(ProjectConfigurationPlatforms) = postSolution
		{9C9617A7-77BA-4E25-B997-DE2ACAA2C131}.Debug|Any CPU.ActiveCfg = Debug|Any CPU
		{9C9617A7-77BA-4E25-B997-DE2ACAA2C131}.Debug|Any CPU.Build.0 = Debug|Any CPU
		{9C9617A7-77BA-4E25-B997-DE2ACAA2C131}.Release|Any CPU.ActiveCfg = Release|Any CPU
		{9C9617A7-77BA-4E25-B997-DE2ACAA2C131}.Release|Any CPU.Build.0 = Release|Any CPU
	EndGlobalSection
	GlobalSection(SolutionProperties) = preSolution
		HideSolutionNode = FALSE
	EndGlobalSection
	GlobalSection(ExtensibilityGlobals) = postSolution
		SolutionGuid = {DA80654E-806C-4C69-954C-E36165FCB333}
	EndGlobalSection
EndGlobal
